schema: '2.0'
stages:
  get_data:
    cmd: python scripts/data.py
    deps:
    - path: scripts/data.py
      hash: md5
      md5: 4d6f86d50dcfb313da94ea657959bc3a
      size: 1528
    params:
      params.yaml:
        index_col: id
    outs:
    - path: data/s2_data.csv
      hash: md5
      md5: 8463c244b3878c94f96f55bfa669a8d4
      size: 12855583
  fit_model:
    cmd: python scripts/fit.py
    deps:
    - path: data/s2_data.csv
      hash: md5
      md5: 8463c244b3878c94f96f55bfa669a8d4
      size: 12855583
    - path: scripts/fit.py
      hash: md5
      md5: 089b3b07972c67faca41ec404c8426fb
      size: 4134
    params:
      params.yaml:
        index_col: id
        target_col: price
    outs:
    - path: metrics/fit_model_metrics.json
      hash: md5
      md5: 6ee99010f966e072def7a280490f3bc6
      size: 89
    - path: models/yandex_estate_model.pkl
      hash: md5
      md5: 3962111a25d271c576e6ae61fb308286
      size: 1093704
  evaluate_model:
    cmd: python scripts/evaluate.py
    deps:
    - path: models/yandex_estate_model.pkl
      hash: md5
      md5: 3962111a25d271c576e6ae61fb308286
      size: 1093704
    - path: scripts/evaluate.py
      hash: md5
      md5: 688c39bf4b314298ca2c1042d490f180
      size: 1425
    params:
      params.yaml:
        index_col: id
        metrics:
        - neg_mean_absolute_error
        - neg_mean_squared_error
        - neg_mean_absolute_percentage_error
        n_jobs: -1
        n_splits: 5
        target_col: price
    outs:
    - path: cv_results/cv_res_new.json
      hash: md5
      md5: ab4f224e409d81189080c96c603860bc
      size: 202
